
Microsoft Visual Studio Solution File, Format Version 12.00
# Visual Studio Version 17
VisualStudioVersion = 17.11.35219.272
MinimumVisualStudioVersion = 10.0.40219.1
Project("{9A19103F-16F7-4668-BE54-9A1E7A4F7556}") = "Links", "Links.csproj", "{A9239037-1394-4B34-88E1-652EE6DE86A5}"
EndProject
Global
	GlobalSection(SolutionConfigurationPlatforms) = preSolution
		Debug|Any CPU = Debug|Any CPU
		Release|Any CPU = Release|Any CPU
	EndGlobalSection
	GlobalSection(ProjectConfigurationPlatforms) = postSolution
		{A9239037-1394-4B34-88E1-652EE6DE86A5}.Debug|Any CPU.ActiveCfg = Debug|Any CPU
		{A9239037-1394-4B34-88E1-652EE6DE86A5}.Debug|Any CPU.Build.0 = Debug|Any CPU
		{A9239037-1394-4B34-88E1-652EE6DE86A5}.Release|Any CPU.ActiveCfg = Release|Any CPU
		{A9239037-1394-4B34-88E1-652EE6DE86A5}.Release|Any CPU.Build.0 = Release|Any CPU
	EndGlobalSection
	GlobalSection(SolutionProperties) = preSolution
		HideSolutionNode = FALSE
	EndGlobalSection
	GlobalSection(ExtensibilityGlobals) = postSolution
		SolutionGuid = {5B039673-6642-4538-96A1-5D943B24C0A5}
	EndGlobalSection
EndGlobal
